
Microsoft Visual Studio Solution File, Format Version 12.00
# Visual Studio 14
VisualStudioVersion = 14.0.25420.1
MinimumVisualStudioVersion = 10.0.40219.1
Project("{8BC9CEB8-8B4A-11D0-8D11-00A0C91BC942}") = "Chapter1", "Chapter1\Chapter1.vcxproj", "{DC5C4184-B0BF-401E-8A47-5C144BD894E6}"
EndProject
Project("{8BC9CEB8-8B4A-11D0-8D11-00A0C91BC942}") = "Chapter2", "Chapter2\Chapter2.vcxproj", "{B9BEE81B-03FC-409A-938B-A815DE4610E0}"
EndProject
Project("{8BC9CEB8-8B4A-11D0-8D11-00A0C91BC942}") = "Chapter3", "Chapter3\Chapter3.vcxproj", "{0742CD68-2430-4C93-88E7-E1A7422DFCCF}"
EndProject
Project("{8BC9CEB8-8B4A-11D0-8D11-00A0C91BC942}") = "Chapter4", "Chapter4\Chapter4.vcxproj", "{AA3A9D7E-A4C4-4A0C-8E46-7A5B4E1C00AD}"
EndProject
Project("{8BC9CEB8-8B4A-11D0-8D11-00A0C91BC942}") = "Test_audio", "Test_audio\Test_audio.vcxproj", "{8A5CC288-5C4E-4DCB-8DCC-B77581E3352C}"
EndProject
Project("{8BC9CEB8-8B4A-11D0-8D11-00A0C91BC942}") = "Chapter5", "Chapter5\Chapter5.vcxproj", "{D4FBAAF1-2B07-4DE3-8016-F6359CCF00F8}"
EndProject
Global
	GlobalSection(SolutionConfigurationPlatforms) = preSolution
		Debug|x64 = Debug|x64
		Debug|x86 = Debug|x86
		Release|x64 = Release|x64
		Release|x86 = Release|x86
	EndGlobalSection
	GlobalSection(ProjectConfigurationPlatforms) = postSolution
		{DC5C4184-B0BF-401E-8A47-5C144BD894E6}.Debug|x64.ActiveCfg = Debug|x64
		{DC5C4184-B0BF-401E-8A47-5C144BD894E6}.Debug|x64.Build.0 = Debug|x64
		{DC5C4184-B0BF-401E-8A47-5C144BD894E6}.Debug|x86.ActiveCfg = Debug|Win32
		{DC5C4184-B0BF-401E-8A47-5C144BD894E6}.Debug|x86.Build.0 = Debug|Win32
		{DC5C4184-B0BF-401E-8A47-5C144BD894E6}.Release|x64.ActiveCfg = Release|x64
		{DC5C4184-B0BF-401E-8A47-5C144BD894E6}.Release|x64.Build.0 = Release|x64
		{DC5C4184-B0BF-401E-8A47-5C144BD894E6}.Release|x86.ActiveCfg = Release|Win32
		{DC5C4184-B0BF-401E-8A47-5C144BD894E6}.Release|x86.Build.0 = Release|Win32
		{B9BEE81B-03FC-409A-938B-A815DE4610E0}.Debug|x64.ActiveCfg = Debug|x64
		{B9BEE81B-03FC-409A-938B-A815DE4610E0}.Debug|x64.Build.0 = Debug|x64
		{B9BEE81B-03FC-409A-938B-A815DE4610E0}.Debug|x86.ActiveCfg = Debug|Win32
		{B9BEE81B-03FC-409A-938B-A815DE4610E0}.Debug|x86.Build.0 = Debug|Win32
		{B9BEE81B-03FC-409A-938B-A815DE4610E0}.Release|x64.ActiveCfg = Release|x64
		{B9BEE81B-03FC-409A-938B-A815DE4610E0}.Release|x64.Build.0 = Release|x64
		{B9BEE81B-03FC-409A-938B-A815DE4610E0}.Release|x86.ActiveCfg = Release|Win32
		{B9BEE81B-03FC-409A-938B-A815DE4610E0}.Release|x86.Build.0 = Release|Win32
		{0742CD68-2430-4C93-88E7-E1A7422DFCCF}.Debug|x64.ActiveCfg = Debug|x64
		{0742CD68-2430-4C93-88E7-E1A7422DFCCF}.Debug|x64.Build.0 = Debug|x64
		{0742CD68-2430-4C93-88E7-E1A7422DFCCF}.Debug|x86.ActiveCfg = Debug|Win32
		{0742CD68-2430-4C93-88E7-E1A7422DFCCF}.Debug|x86.Build.0 = Debug|Win32
		{0742CD68-2430-4C93-88E7-E1A7422DFCCF}.Release|x64.ActiveCfg = Release|x64
		{0742CD68-2430-4C93-88E7-E1A7422DFCCF}.Release|x64.Build.0 = Release|x64
		{0742CD68-2430-4C93-88E7-E1A7422DFCCF}.Release|x86.ActiveCfg = Release|Win32
		{0742CD68-2430-4C93-88E7-E1A7422DFCCF}.Release|x86.Build.0 = Release|Win32
		{AA3A9D7E-A4C4-4A0C-8E46-7A5B4E1C00AD}.Debug|x64.ActiveCfg = Debug|x64
		{AA3A9D7E-A4C4-4A0C-8E46-7A5B4E1C00AD}.Debug|x64.Build.0 = Debug|x64
		{AA3A9D7E-A4C4-4A0C-8E46-7A5B4E1C00AD}.Debug|x86.ActiveCfg = Debug|Win32
		{AA3A9D7E-A4C4-4A0C-8E46-7A5B4E1C00AD}.Debug|x86.Build.0 = Debug|Win32
		{AA3A9D7E-A4C4-4A0C-8E46-7A5B4E1C00AD}.Release|x64.ActiveCfg = Release|x64
		{AA3A9D7E-A4C4-4A0C-8E46-7A5B4E1C00AD}.Release|x64.Build.0 = Release|x64
		{AA3A9D7E-A4C4-4A0C-8E46-7A5B4E1C00AD}.Release|x86.ActiveCfg = Release|Win32
		{AA3A9D7E-A4C4-4A0C-8E46-7A5B4E1C00AD}.Release|x86.Build.0 = Release|Win32
		{8A5CC288-5C4E-4DCB-8DCC-B77581E3352C}.Debug|x64.ActiveCfg = Debug|x64
		{8A5CC288-5C4E-4DCB-8DCC-B77581E3352C}.Debug|x64.Build.0 = Debug|x64
		{8A5CC288-5C4E-4DCB-8DCC-B77581E3352C}.Debug|x86.ActiveCfg = Debug|Win32
		{8A5CC288-5C4E-4DCB-8DCC-B77581E3352C}.Debug|x86.Build.0 = Debug|Win32
		{8A5CC288-5C4E-4DCB-8DCC-B77581E3352C}.Release|x64.ActiveCfg = Release|x64
		{8A5CC288-5C4E-4DCB-8DCC-B77581E3352C}.Release|x64.Build.0 = Release|x64
		{8A5CC288-5C4E-4DCB-8DCC-B77581E3352C}.Release|x86.ActiveCfg = Release|Win32
		{8A5CC288-5C4E-4DCB-8DCC-B77581E3352C}.Release|x86.Build.0 = Release|Win32
		{D4FBAAF1-2B07-4DE3-8016-F6359CCF00F8}.Debug|x64.ActiveCfg = Debug|x64
		{D4FBAAF1-2B07-4DE3-8016-F6359CCF00F8}.Debug|x64.Build.0 = Debug|x64
		{D4FBAAF1-2B07-4DE3-8016-F6359CCF00F8}.Debug|x86.ActiveCfg = Debug|Win32
		{D4FBAAF1-2B07-4DE3-8016-F6359CCF00F8}.Debug|x86.Build.0 = Debug|Win32
		{D4FBAAF1-2B07-4DE3-8016-F6359CCF00F8}.Release|x64.ActiveCfg = Release|x64
		{D4FBAAF1-2B07-4DE3-8016-F6359CCF00F8}.Release|x64.Build.0 = Release|x64
		{D4FBAAF1-2B07-4DE3-8016-F6359CCF00F8}.Release|x86.ActiveCfg = Release|Win32
		{D4FBAAF1-2B07-4DE3-8016-F6359CCF00F8}.Release|x86.Build.0 = Release|Win32
	EndGlobalSection
	GlobalSection(SolutionProperties) = preSolution
		HideSolutionNode = FALSE
	EndGlobalSection
EndGlobal
